
Microsoft Visual Studio Solution File, Format Version 12.00
# Visual Studio 14
VisualStudioVersion = 14.0.25420.1
MinimumVisualStudioVersion = 10.0.40219.1
Project("{FAE04EC0-301F-11D3-BF4B-00C04F79EFBC}") = "MiddleStack.Profiling", "MiddleStack.Profiling\MiddleStack.Profiling.csproj", "{B159F9D2-1822-4F66-BF70-BC8308F41EB0}"
EndProject
Project("{FAE04EC0-301F-11D3-BF4B-00C04F79EFBC}") = "MiddleStack.Profiling.Tests", "MiddleStack.Profiling.Tests\MiddleStack.Profiling.Tests.csproj", "{AE1B96E3-8E20-43C9-A7B0-2C90E275D853}"
EndProject
Project("{FAE04EC0-301F-11D3-BF4B-00C04F79EFBC}") = "MiddleStack.Profiling.Owin.RestApi", "MiddleStack.Profiling.Owin.RestApi\MiddleStack.Profiling.Owin.RestApi.csproj", "{F44499DA-DA38-433F-9AC8-6E39356932E2}"
EndProject
Project("{FAE04EC0-301F-11D3-BF4B-00C04F79EFBC}") = "MiddleStack.Profiling.Owin.RestApi.Tests", "MiddleStack.Profiling.Owin.RestApi.Tests\MiddleStack.Profiling.Owin.RestApi.Tests.csproj", "{F5D1D63C-8FA4-4C4E-9636-AD6005E36CD8}"
EndProject
Project("{FAE04EC0-301F-11D3-BF4B-00C04F79EFBC}") = "MiddleStack.Testing", "MiddleStack.Testing\MiddleStack.Testing.csproj", "{D4F5876E-8988-4C2A-A422-55434155D6F9}"
EndProject
Project("{2150E333-8FDC-42A3-9474-1A3956D46DE8}") = "Solution Items", "Solution Items", "{EFFC9536-E0CD-4E64-A40B-6F3E234B6F24}"
	ProjectSection(SolutionItems) = preProject
		nuget.exe = nuget.exe
	EndProjectSection
EndProject
Project("{FAE04EC0-301F-11D3-BF4B-00C04F79EFBC}") = "MiddleStack.Profiling.PerfCounters", "MiddleStack.Profiling.PerfCounters\MiddleStack.Profiling.PerfCounters.csproj", "{B9AFA163-D8C8-4AF1-B3AC-A0247894EE66}"
EndProject
Project("{FAE04EC0-301F-11D3-BF4B-00C04F79EFBC}") = "MiddleStack.Profiling.Nancy", "MiddleStack.Profiling.Nancy\MiddleStack.Profiling.Nancy.csproj", "{982B0BCA-CC4A-4550-873B-267B7CB4B661}"
EndProject
Project("{FAE04EC0-301F-11D3-BF4B-00C04F79EFBC}") = "MiddleStack.Profiling.Nancy.Tests", "MiddleStack.Profiling.Nancy.Tests\MiddleStack.Profiling.Nancy.Tests.csproj", "{CD8E13D9-9462-4440-9FF7-8C60C3E4B763}"
EndProject
Project("{FAE04EC0-301F-11D3-BF4B-00C04F79EFBC}") = "MiddleStack.Profiling.Proxying", "MiddleStack.Profiling.Proxying\MiddleStack.Profiling.Proxying.csproj", "{CD550C66-DAFE-4FAA-867D-478F5E8D131F}"
EndProject
Project("{FAE04EC0-301F-11D3-BF4B-00C04F79EFBC}") = "MiddleStack.Profiling.MonitoringFeed", "MiddleStack.Profiling.MonitoringFeed\MiddleStack.Profiling.MonitoringFeed.csproj", "{2ED51C81-0287-44CF-9A14-A7EA36805053}"
EndProject
Project("{FAE04EC0-301F-11D3-BF4B-00C04F79EFBC}") = "MiddleStack.Profiling.MonitoringFeed.Tests", "MiddleStack.Profiling.MonitoringFeed.Tests\MiddleStack.Profiling.MonitoringFeed.Tests.csproj", "{28BD5749-7CE2-4877-A185-622DA8772891}"
EndProject
Project("{FAE04EC0-301F-11D3-BF4B-00C04F79EFBC}") = "MiddleStack.Profiling.Monitor", "MiddleStack.Profiling.Monitor\MiddleStack.Profiling.Monitor.csproj", "{C9F937F7-387A-4CBC-862C-6933A72CF97A}"
EndProject
Global
	GlobalSection(SolutionConfigurationPlatforms) = preSolution
		Debug|Any CPU = Debug|Any CPU
		Release|Any CPU = Release|Any CPU
	EndGlobalSection
	GlobalSection(ProjectConfigurationPlatforms) = postSolution
		{B159F9D2-1822-4F66-BF70-BC8308F41EB0}.Debug|Any CPU.ActiveCfg = Debug|Any CPU
		{B159F9D2-1822-4F66-BF70-BC8308F41EB0}.Debug|Any CPU.Build.0 = Debug|Any CPU
		{B159F9D2-1822-4F66-BF70-BC8308F41EB0}.Release|Any CPU.ActiveCfg = Release|Any CPU
		{B159F9D2-1822-4F66-BF70-BC8308F41EB0}.Release|Any CPU.Build.0 = Release|Any CPU
		{AE1B96E3-8E20-43C9-A7B0-2C90E275D853}.Debug|Any CPU.ActiveCfg = Debug|Any CPU
		{AE1B96E3-8E20-43C9-A7B0-2C90E275D853}.Debug|Any CPU.Build.0 = Debug|Any CPU
		{AE1B96E3-8E20-43C9-A7B0-2C90E275D853}.Release|Any CPU.ActiveCfg = Release|Any CPU
		{AE1B96E3-8E20-43C9-A7B0-2C90E275D853}.Release|Any CPU.Build.0 = Release|Any CPU
		{F44499DA-DA38-433F-9AC8-6E39356932E2}.Debug|Any CPU.ActiveCfg = Debug|Any CPU
		{F44499DA-DA38-433F-9AC8-6E39356932E2}.Debug|Any CPU.Build.0 = Debug|Any CPU
		{F44499DA-DA38-433F-9AC8-6E39356932E2}.Release|Any CPU.ActiveCfg = Release|Any CPU
		{F44499DA-DA38-433F-9AC8-6E39356932E2}.Release|Any CPU.Build.0 = Release|Any CPU
		{F5D1D63C-8FA4-4C4E-9636-AD6005E36CD8}.Debug|Any CPU.ActiveCfg = Debug|Any CPU
		{F5D1D63C-8FA4-4C4E-9636-AD6005E36CD8}.Debug|Any CPU.Build.0 = Debug|Any CPU
		{F5D1D63C-8FA4-4C4E-9636-AD6005E36CD8}.Release|Any CPU.ActiveCfg = Release|Any CPU
		{F5D1D63C-8FA4-4C4E-9636-AD6005E36CD8}.Release|Any CPU.Build.0 = Release|Any CPU
		{D4F5876E-8988-4C2A-A422-55434155D6F9}.Debug|Any CPU.ActiveCfg = Debug|Any CPU
		{D4F5876E-8988-4C2A-A422-55434155D6F9}.Debug|Any CPU.Build.0 = Debug|Any CPU
		{D4F5876E-8988-4C2A-A422-55434155D6F9}.Release|Any CPU.ActiveCfg = Release|Any CPU
		{D4F5876E-8988-4C2A-A422-55434155D6F9}.Release|Any CPU.Build.0 = Release|Any CPU
		{B9AFA163-D8C8-4AF1-B3AC-A0247894EE66}.Debug|Any CPU.ActiveCfg = Debug|Any CPU
		{B9AFA163-D8C8-4AF1-B3AC-A0247894EE66}.Debug|Any CPU.Build.0 = Debug|Any CPU
		{B9AFA163-D8C8-4AF1-B3AC-A0247894EE66}.Release|Any CPU.ActiveCfg = Release|Any CPU
		{B9AFA163-D8C8-4AF1-B3AC-A0247894EE66}.Release|Any CPU.Build.0 = Release|Any CPU
		{982B0BCA-CC4A-4550-873B-267B7CB4B661}.Debug|Any CPU.ActiveCfg = Debug|Any CPU
		{982B0BCA-CC4A-4550-873B-267B7CB4B661}.Debug|Any CPU.Build.0 = Debug|Any CPU
		{982B0BCA-CC4A-4550-873B-267B7CB4B661}.Release|Any CPU.ActiveCfg = Release|Any CPU
		{982B0BCA-CC4A-4550-873B-267B7CB4B661}.Release|Any CPU.Build.0 = Release|Any CPU
		{CD8E13D9-9462-4440-9FF7-8C60C3E4B763}.Debug|Any CPU.ActiveCfg = Debug|Any CPU
		{CD8E13D9-9462-4440-9FF7-8C60C3E4B763}.Debug|Any CPU.Build.0 = Debug|Any CPU
		{CD8E13D9-9462-4440-9FF7-8C60C3E4B763}.Release|Any CPU.ActiveCfg = Release|Any CPU
		{CD8E13D9-9462-4440-9FF7-8C60C3E4B763}.Release|Any CPU.Build.0 = Release|Any CPU
		{CD550C66-DAFE-4FAA-867D-478F5E8D131F}.Debug|Any CPU.ActiveCfg = Debug|Any CPU
		{CD550C66-DAFE-4FAA-867D-478F5E8D131F}.Debug|Any CPU.Build.0 = Debug|Any CPU
		{CD550C66-DAFE-4FAA-867D-478F5E8D131F}.Release|Any CPU.ActiveCfg = Release|Any CPU
		{CD550C66-DAFE-4FAA-867D-478F5E8D131F}.Release|Any CPU.Build.0 = Release|Any CPU
		{2ED51C81-0287-44CF-9A14-A7EA36805053}.Debug|Any CPU.ActiveCfg = Debug|Any CPU
		{2ED51C81-0287-44CF-9A14-A7EA36805053}.Debug|Any CPU.Build.0 = Debug|Any CPU
		{2ED51C81-0287-44CF-9A14-A7EA36805053}.Release|Any CPU.ActiveCfg = Release|Any CPU
		{2ED51C81-0287-44CF-9A14-A7EA36805053}.Release|Any CPU.Build.0 = Release|Any CPU
		{28BD5749-7CE2-4877-A185-622DA8772891}.Debug|Any CPU.ActiveCfg = Debug|Any CPU
		{28BD5749-7CE2-4877-A185-622DA8772891}.Debug|Any CPU.Build.0 = Debug|Any CPU
		{28BD5749-7CE2-4877-A185-622DA8772891}.Release|Any CPU.ActiveCfg = Release|Any CPU
		{28BD5749-7CE2-4877-A185-622DA8772891}.Release|Any CPU.Build.0 = Release|Any CPU
		{C9F937F7-387A-4CBC-862C-6933A72CF97A}.Debug|Any CPU.ActiveCfg = Debug|Any CPU
		{C9F937F7-387A-4CBC-862C-6933A72CF97A}.Debug|Any CPU.Build.0 = Debug|Any CPU
		{C9F937F7-387A-4CBC-862C-6933A72CF97A}.Release|Any CPU.ActiveCfg = Release|Any CPU
		{C9F937F7-387A-4CBC-862C-6933A72CF97A}.Release|Any CPU.Build.0 = Release|Any CPU
	EndGlobalSection
	GlobalSection(SolutionProperties) = preSolution
		HideSolutionNode = FALSE
	EndGlobalSection
EndGlobal
