
Microsoft Visual Studio Solution File, Format Version 12.00
# Visual Studio 14
VisualStudioVersion = 14.0.25420.1
MinimumVisualStudioVersion = 10.0.40219.1
Project("{FAE04EC0-301F-11D3-BF4B-00C04F79EFBC}") = "MiddleStack.Profiling", "MiddleStack.Profiling\MiddleStack.Profiling.csproj", "{B159F9D2-1822-4F66-BF70-BC8308F41EB0}"
EndProject
Project("{FAE04EC0-301F-11D3-BF4B-00C04F79EFBC}") = "MiddleStack.Profiling.Tests", "MiddleStack.Profiling.Tests\MiddleStack.Profiling.Tests.csproj", "{AE1B96E3-8E20-43C9-A7B0-2C90E275D853}"
EndProject
Project("{FAE04EC0-301F-11D3-BF4B-00C04F79EFBC}") = "MiddleStack.Profiling.Owin.RestApi", "MiddleStack.Profiling.Owin.RestApi\MiddleStack.Profiling.Owin.RestApi.csproj", "{F44499DA-DA38-433F-9AC8-6E39356932E2}"
EndProject
Project("{FAE04EC0-301F-11D3-BF4B-00C04F79EFBC}") = "MiddleStack.Profiling.Owin.RestApi.Tests", "MiddleStack.Profiling.Owin.RestApi.Tests\MiddleStack.Profiling.Owin.RestApi.Tests.csproj", "{F5D1D63C-8FA4-4C4E-9636-AD6005E36CD8}"
EndProject
Project("{FAE04EC0-301F-11D3-BF4B-00C04F79EFBC}") = "MiddleStack.Testing", "MiddleStack.Testing\MiddleStack.Testing.csproj", "{D4F5876E-8988-4C2A-A422-55434155D6F9}"
EndProject
Global
	GlobalSection(SolutionConfigurationPlatforms) = preSolution
		Debug|Any CPU = Debug|Any CPU
		Release|Any CPU = Release|Any CPU
	EndGlobalSection
	GlobalSection(ProjectConfigurationPlatforms) = postSolution
		{B159F9D2-1822-4F66-BF70-BC8308F41EB0}.Debug|Any CPU.ActiveCfg = Debug|Any CPU
		{B159F9D2-1822-4F66-BF70-BC8308F41EB0}.Debug|Any CPU.Build.0 = Debug|Any CPU
		{B159F9D2-1822-4F66-BF70-BC8308F41EB0}.Release|Any CPU.ActiveCfg = Release|Any CPU
		{B159F9D2-1822-4F66-BF70-BC8308F41EB0}.Release|Any CPU.Build.0 = Release|Any CPU
		{AE1B96E3-8E20-43C9-A7B0-2C90E275D853}.Debug|Any CPU.ActiveCfg = Debug|Any CPU
		{AE1B96E3-8E20-43C9-A7B0-2C90E275D853}.Debug|Any CPU.Build.0 = Debug|Any CPU
		{AE1B96E3-8E20-43C9-A7B0-2C90E275D853}.Release|Any CPU.ActiveCfg = Release|Any CPU
		{AE1B96E3-8E20-43C9-A7B0-2C90E275D853}.Release|Any CPU.Build.0 = Release|Any CPU
		{F44499DA-DA38-433F-9AC8-6E39356932E2}.Debug|Any CPU.ActiveCfg = Debug|Any CPU
		{F44499DA-DA38-433F-9AC8-6E39356932E2}.Debug|Any CPU.Build.0 = Debug|Any CPU
		{F44499DA-DA38-433F-9AC8-6E39356932E2}.Release|Any CPU.ActiveCfg = Release|Any CPU
		{F44499DA-DA38-433F-9AC8-6E39356932E2}.Release|Any CPU.Build.0 = Release|Any CPU
		{F5D1D63C-8FA4-4C4E-9636-AD6005E36CD8}.Debug|Any CPU.ActiveCfg = Debug|Any CPU
		{F5D1D63C-8FA4-4C4E-9636-AD6005E36CD8}.Debug|Any CPU.Build.0 = Debug|Any CPU
		{F5D1D63C-8FA4-4C4E-9636-AD6005E36CD8}.Release|Any CPU.ActiveCfg = Release|Any CPU
		{F5D1D63C-8FA4-4C4E-9636-AD6005E36CD8}.Release|Any CPU.Build.0 = Release|Any CPU
		{D4F5876E-8988-4C2A-A422-55434155D6F9}.Debug|Any CPU.ActiveCfg = Debug|Any CPU
		{D4F5876E-8988-4C2A-A422-55434155D6F9}.Debug|Any CPU.Build.0 = Debug|Any CPU
		{D4F5876E-8988-4C2A-A422-55434155D6F9}.Release|Any CPU.ActiveCfg = Release|Any CPU
		{D4F5876E-8988-4C2A-A422-55434155D6F9}.Release|Any CPU.Build.0 = Release|Any CPU
	EndGlobalSection
	GlobalSection(SolutionProperties) = preSolution
		HideSolutionNode = FALSE
	EndGlobalSection
EndGlobal
